
Microsoft Visual Studio Solution File, Format Version 12.00
# Visual Studio 14
VisualStudioVersion = 14.0.25123.0
MinimumVisualStudioVersion = 10.0.40219.1
Project("{FAE04EC0-301F-11D3-BF4B-00C04F79EFBC}") = "MoneyConverter", "MoneyConverter\MoneyConverter\MoneyConverter.csproj", "{637FD064-4360-4BA4-91B4-90B1B9A93076}"
EndProject
Project("{FAE04EC0-301F-11D3-BF4B-00C04F79EFBC}") = "MoneyConverter.Droid", "MoneyConverter\MoneyConverter.Droid\MoneyConverter.Droid.csproj", "{2E58352C-0AED-4859-8EAB-9F8659D068EE}"
EndProject
Project("{FAE04EC0-301F-11D3-BF4B-00C04F79EFBC}") = "MoneyConverter.iOS", "MoneyConverter\MoneyConverter.iOS\MoneyConverter.iOS.csproj", "{0C938AB6-E3B8-433A-B3A9-E5D50D4509D5}"
EndProject
Global
	GlobalSection(SolutionConfigurationPlatforms) = preSolution
		Ad-Hoc|Any CPU = Ad-Hoc|Any CPU
		Ad-Hoc|iPhone = Ad-Hoc|iPhone
		Ad-Hoc|iPhoneSimulator = Ad-Hoc|iPhoneSimulator
		AppStore|Any CPU = AppStore|Any CPU
		AppStore|iPhone = AppStore|iPhone
		AppStore|iPhoneSimulator = AppStore|iPhoneSimulator
		Debug|Any CPU = Debug|Any CPU
		Debug|iPhone = Debug|iPhone
		Debug|iPhoneSimulator = Debug|iPhoneSimulator
		Release|Any CPU = Release|Any CPU
		Release|iPhone = Release|iPhone
		Release|iPhoneSimulator = Release|iPhoneSimulator
	EndGlobalSection
	GlobalSection(ProjectConfigurationPlatforms) = postSolution
		{637FD064-4360-4BA4-91B4-90B1B9A93076}.Ad-Hoc|Any CPU.ActiveCfg = Release|Any CPU
		{637FD064-4360-4BA4-91B4-90B1B9A93076}.Ad-Hoc|Any CPU.Build.0 = Release|Any CPU
		{637FD064-4360-4BA4-91B4-90B1B9A93076}.Ad-Hoc|iPhone.ActiveCfg = Release|Any CPU
		{637FD064-4360-4BA4-91B4-90B1B9A93076}.Ad-Hoc|iPhone.Build.0 = Release|Any CPU
		{637FD064-4360-4BA4-91B4-90B1B9A93076}.Ad-Hoc|iPhoneSimulator.ActiveCfg = Release|Any CPU
		{637FD064-4360-4BA4-91B4-90B1B9A93076}.Ad-Hoc|iPhoneSimulator.Build.0 = Release|Any CPU
		{637FD064-4360-4BA4-91B4-90B1B9A93076}.AppStore|Any CPU.ActiveCfg = Release|Any CPU
		{637FD064-4360-4BA4-91B4-90B1B9A93076}.AppStore|Any CPU.Build.0 = Release|Any CPU
		{637FD064-4360-4BA4-91B4-90B1B9A93076}.AppStore|iPhone.ActiveCfg = Release|Any CPU
		{637FD064-4360-4BA4-91B4-90B1B9A93076}.AppStore|iPhone.Build.0 = Release|Any CPU
		{637FD064-4360-4BA4-91B4-90B1B9A93076}.AppStore|iPhoneSimulator.ActiveCfg = Release|Any CPU
		{637FD064-4360-4BA4-91B4-90B1B9A93076}.AppStore|iPhoneSimulator.Build.0 = Release|Any CPU
		{637FD064-4360-4BA4-91B4-90B1B9A93076}.Debug|Any CPU.ActiveCfg = Debug|Any CPU
		{637FD064-4360-4BA4-91B4-90B1B9A93076}.Debug|Any CPU.Build.0 = Debug|Any CPU
		{637FD064-4360-4BA4-91B4-90B1B9A93076}.Debug|iPhone.ActiveCfg = Debug|Any CPU
		{637FD064-4360-4BA4-91B4-90B1B9A93076}.Debug|iPhone.Build.0 = Debug|Any CPU
		{637FD064-4360-4BA4-91B4-90B1B9A93076}.Debug|iPhoneSimulator.ActiveCfg = Debug|Any CPU
		{637FD064-4360-4BA4-91B4-90B1B9A93076}.Debug|iPhoneSimulator.Build.0 = Debug|Any CPU
		{637FD064-4360-4BA4-91B4-90B1B9A93076}.Release|Any CPU.ActiveCfg = Release|Any CPU
		{637FD064-4360-4BA4-91B4-90B1B9A93076}.Release|Any CPU.Build.0 = Release|Any CPU
		{637FD064-4360-4BA4-91B4-90B1B9A93076}.Release|iPhone.ActiveCfg = Release|Any CPU
		{637FD064-4360-4BA4-91B4-90B1B9A93076}.Release|iPhone.Build.0 = Release|Any CPU
		{637FD064-4360-4BA4-91B4-90B1B9A93076}.Release|iPhoneSimulator.ActiveCfg = Release|Any CPU
		{637FD064-4360-4BA4-91B4-90B1B9A93076}.Release|iPhoneSimulator.Build.0 = Release|Any CPU
		{2E58352C-0AED-4859-8EAB-9F8659D068EE}.Ad-Hoc|Any CPU.ActiveCfg = Release|Any CPU
		{2E58352C-0AED-4859-8EAB-9F8659D068EE}.Ad-Hoc|Any CPU.Build.0 = Release|Any CPU
		{2E58352C-0AED-4859-8EAB-9F8659D068EE}.Ad-Hoc|Any CPU.Deploy.0 = Release|Any CPU
		{2E58352C-0AED-4859-8EAB-9F8659D068EE}.Ad-Hoc|iPhone.ActiveCfg = Release|Any CPU
		{2E58352C-0AED-4859-8EAB-9F8659D068EE}.Ad-Hoc|iPhone.Build.0 = Release|Any CPU
		{2E58352C-0AED-4859-8EAB-9F8659D068EE}.Ad-Hoc|iPhone.Deploy.0 = Release|Any CPU
		{2E58352C-0AED-4859-8EAB-9F8659D068EE}.Ad-Hoc|iPhoneSimulator.ActiveCfg = Release|Any CPU
		{2E58352C-0AED-4859-8EAB-9F8659D068EE}.Ad-Hoc|iPhoneSimulator.Build.0 = Release|Any CPU
		{2E58352C-0AED-4859-8EAB-9F8659D068EE}.Ad-Hoc|iPhoneSimulator.Deploy.0 = Release|Any CPU
		{2E58352C-0AED-4859-8EAB-9F8659D068EE}.AppStore|Any CPU.ActiveCfg = Release|Any CPU
		{2E58352C-0AED-4859-8EAB-9F8659D068EE}.AppStore|Any CPU.Build.0 = Release|Any CPU
		{2E58352C-0AED-4859-8EAB-9F8659D068EE}.AppStore|Any CPU.Deploy.0 = Release|Any CPU
		{2E58352C-0AED-4859-8EAB-9F8659D068EE}.AppStore|iPhone.ActiveCfg = Release|Any CPU
		{2E58352C-0AED-4859-8EAB-9F8659D068EE}.AppStore|iPhone.Build.0 = Release|Any CPU
		{2E58352C-0AED-4859-8EAB-9F8659D068EE}.AppStore|iPhone.Deploy.0 = Release|Any CPU
		{2E58352C-0AED-4859-8EAB-9F8659D068EE}.AppStore|iPhoneSimulator.ActiveCfg = Release|Any CPU
		{2E58352C-0AED-4859-8EAB-9F8659D068EE}.AppStore|iPhoneSimulator.Build.0 = Release|Any CPU
		{2E58352C-0AED-4859-8EAB-9F8659D068EE}.AppStore|iPhoneSimulator.Deploy.0 = Release|Any CPU
		{2E58352C-0AED-4859-8EAB-9F8659D068EE}.Debug|Any CPU.ActiveCfg = Debug|Any CPU
		{2E58352C-0AED-4859-8EAB-9F8659D068EE}.Debug|Any CPU.Build.0 = Debug|Any CPU
		{2E58352C-0AED-4859-8EAB-9F8659D068EE}.Debug|Any CPU.Deploy.0 = Debug|Any CPU
		{2E58352C-0AED-4859-8EAB-9F8659D068EE}.Debug|iPhone.ActiveCfg = Debug|Any CPU
		{2E58352C-0AED-4859-8EAB-9F8659D068EE}.Debug|iPhone.Build.0 = Debug|Any CPU
		{2E58352C-0AED-4859-8EAB-9F8659D068EE}.Debug|iPhone.Deploy.0 = Debug|Any CPU
		{2E58352C-0AED-4859-8EAB-9F8659D068EE}.Debug|iPhoneSimulator.ActiveCfg = Debug|Any CPU
		{2E58352C-0AED-4859-8EAB-9F8659D068EE}.Debug|iPhoneSimulator.Build.0 = Debug|Any CPU
		{2E58352C-0AED-4859-8EAB-9F8659D068EE}.Debug|iPhoneSimulator.Deploy.0 = Debug|Any CPU
		{2E58352C-0AED-4859-8EAB-9F8659D068EE}.Release|Any CPU.ActiveCfg = Release|Any CPU
		{2E58352C-0AED-4859-8EAB-9F8659D068EE}.Release|Any CPU.Build.0 = Release|Any CPU
		{2E58352C-0AED-4859-8EAB-9F8659D068EE}.Release|Any CPU.Deploy.0 = Release|Any CPU
		{2E58352C-0AED-4859-8EAB-9F8659D068EE}.Release|iPhone.ActiveCfg = Release|Any CPU
		{2E58352C-0AED-4859-8EAB-9F8659D068EE}.Release|iPhone.Build.0 = Release|Any CPU
		{2E58352C-0AED-4859-8EAB-9F8659D068EE}.Release|iPhone.Deploy.0 = Release|Any CPU
		{2E58352C-0AED-4859-8EAB-9F8659D068EE}.Release|iPhoneSimulator.ActiveCfg = Release|Any CPU
		{2E58352C-0AED-4859-8EAB-9F8659D068EE}.Release|iPhoneSimulator.Build.0 = Release|Any CPU
		{2E58352C-0AED-4859-8EAB-9F8659D068EE}.Release|iPhoneSimulator.Deploy.0 = Release|Any CPU
		{0C938AB6-E3B8-433A-B3A9-E5D50D4509D5}.Ad-Hoc|Any CPU.ActiveCfg = Ad-Hoc|iPhone
		{0C938AB6-E3B8-433A-B3A9-E5D50D4509D5}.Ad-Hoc|iPhone.ActiveCfg = Ad-Hoc|iPhone
		{0C938AB6-E3B8-433A-B3A9-E5D50D4509D5}.Ad-Hoc|iPhone.Build.0 = Ad-Hoc|iPhone
		{0C938AB6-E3B8-433A-B3A9-E5D50D4509D5}.Ad-Hoc|iPhoneSimulator.ActiveCfg = Ad-Hoc|iPhoneSimulator
		{0C938AB6-E3B8-433A-B3A9-E5D50D4509D5}.Ad-Hoc|iPhoneSimulator.Build.0 = Ad-Hoc|iPhoneSimulator
		{0C938AB6-E3B8-433A-B3A9-E5D50D4509D5}.AppStore|Any CPU.ActiveCfg = AppStore|iPhone
		{0C938AB6-E3B8-433A-B3A9-E5D50D4509D5}.AppStore|iPhone.ActiveCfg = AppStore|iPhone
		{0C938AB6-E3B8-433A-B3A9-E5D50D4509D5}.AppStore|iPhone.Build.0 = AppStore|iPhone
		{0C938AB6-E3B8-433A-B3A9-E5D50D4509D5}.AppStore|iPhoneSimulator.ActiveCfg = AppStore|iPhoneSimulator
		{0C938AB6-E3B8-433A-B3A9-E5D50D4509D5}.AppStore|iPhoneSimulator.Build.0 = AppStore|iPhoneSimulator
		{0C938AB6-E3B8-433A-B3A9-E5D50D4509D5}.Debug|Any CPU.ActiveCfg = Debug|iPhone
		{0C938AB6-E3B8-433A-B3A9-E5D50D4509D5}.Debug|iPhone.ActiveCfg = Debug|iPhone
		{0C938AB6-E3B8-433A-B3A9-E5D50D4509D5}.Debug|iPhone.Build.0 = Debug|iPhone
		{0C938AB6-E3B8-433A-B3A9-E5D50D4509D5}.Debug|iPhoneSimulator.ActiveCfg = Debug|iPhoneSimulator
		{0C938AB6-E3B8-433A-B3A9-E5D50D4509D5}.Debug|iPhoneSimulator.Build.0 = Debug|iPhoneSimulator
		{0C938AB6-E3B8-433A-B3A9-E5D50D4509D5}.Release|Any CPU.ActiveCfg = Release|iPhone
		{0C938AB6-E3B8-433A-B3A9-E5D50D4509D5}.Release|iPhone.ActiveCfg = Release|iPhone
		{0C938AB6-E3B8-433A-B3A9-E5D50D4509D5}.Release|iPhone.Build.0 = Release|iPhone
		{0C938AB6-E3B8-433A-B3A9-E5D50D4509D5}.Release|iPhoneSimulator.ActiveCfg = Release|iPhoneSimulator
		{0C938AB6-E3B8-433A-B3A9-E5D50D4509D5}.Release|iPhoneSimulator.Build.0 = Release|iPhoneSimulator
	EndGlobalSection
	GlobalSection(SolutionProperties) = preSolution
		HideSolutionNode = FALSE
	EndGlobalSection
EndGlobal
